
Microsoft Visual Studio Solution File, Format Version 12.00
# Visual Studio Version 17
VisualStudioVersion = 17.3.32811.315
MinimumVisualStudioVersion = 10.0.40219.1
Project("{FAE04EC0-301F-11D3-BF4B-00C04F79EFBC}") = "245_MVC_Project", "245_MVC_Project\245_MVC_Project.csproj", "{31E0A46D-83FA-426E-B091-88EB804FD454}"
EndProject
Global
	GlobalSection(SolutionConfigurationPlatforms) = preSolution
		Debug|Any CPU = Debug|Any CPU
		Release|Any CPU = Release|Any CPU
	EndGlobalSection
	GlobalSection(ProjectConfigurationPlatforms) = postSolution
		{31E0A46D-83FA-426E-B091-88EB804FD454}.Debug|Any CPU.ActiveCfg = Debug|Any CPU
		{31E0A46D-83FA-426E-B091-88EB804FD454}.Debug|Any CPU.Build.0 = Debug|Any CPU
		{31E0A46D-83FA-426E-B091-88EB804FD454}.Release|Any CPU.ActiveCfg = Release|Any CPU
		{31E0A46D-83FA-426E-B091-88EB804FD454}.Release|Any CPU.Build.0 = Release|Any CPU
	EndGlobalSection
	GlobalSection(SolutionProperties) = preSolution
		HideSolutionNode = FALSE
	EndGlobalSection
	GlobalSection(ExtensibilityGlobals) = postSolution
		SolutionGuid = {B186261F-BFE3-4356-960D-2A0CE8E8BF28}
	EndGlobalSection
EndGlobal
